// !$*UTF8*$!
{
	archiveVersion = 1;
	classes = {
	};
	objectVersion = 56;
	objects = {

/* Begin PBXBuildFile section */
		351E92442C05C4CD0017C816 /* AuthenticatorApp.swift in Sources */ = {isa = PBXBuildFile; fileRef = 351E92432C05C4CD0017C816 /* AuthenticatorApp.swift */; };
		351E92462C05C4CD0017C816 /* ContentView.swift in Sources */ = {isa = PBXBuildFile; fileRef = 351E92452C05C4CD0017C816 /* ContentView.swift */; };
		351E92482C05C4CF0017C816 /* Assets.xcassets in Resources */ = {isa = PBXBuildFile; fileRef = 351E92472C05C4CF0017C816 /* Assets.xcassets */; };
		351E924B2C05C4CF0017C816 /* Preview Assets.xcassets in Resources */ = {isa = PBXBuildFile; fileRef = 351E924A2C05C4CF0017C816 /* Preview Assets.xcassets */; };
		351E92552C05C4D00017C816 /* AuthenticatorTests.swift in Sources */ = {isa = PBXBuildFile; fileRef = 351E92542C05C4D00017C816 /* AuthenticatorTests.swift */; };
		351E925F2C05C4D00017C816 /* AuthenticatorUITests.swift in Sources */ = {isa = PBXBuildFile; fileRef = 351E925E2C05C4D00017C816 /* AuthenticatorUITests.swift */; };
		351E92612C05C4D00017C816 /* AuthenticatorUITestsLaunchTests.swift in Sources */ = {isa = PBXBuildFile; fileRef = 351E92602C05C4D00017C816 /* AuthenticatorUITestsLaunchTests.swift */; };
/* End PBXBuildFile section */

/* Begin PBXContainerItemProxy section */
		351E92512C05C4D00017C816 /* PBXContainerItemProxy */ = {
			isa = PBXContainerItemProxy;
			containerPortal = 351E92382C05C4CD0017C816 /* Project object */;
			proxyType = 1;
			remoteGlobalIDString = 351E923F2C05C4CD0017C816;
			remoteInfo = Authenticator;
		};
		351E925B2C05C4D00017C816 /* PBXContainerItemProxy */ = {
			isa = PBXContainerItemProxy;
			containerPortal = 351E92382C05C4CD0017C816 /* Project object */;
			proxyType = 1;
			remoteGlobalIDString = 351E923F2C05C4CD0017C816;
			remoteInfo = Authenticator;
		};
/* End PBXContainerItemProxy section */

/* Begin PBXFileReference section */
		351E92402C05C4CD0017C816 /* Authenticator.app */ = {isa = PBXFileReference; explicitFileType = wrapper.application; includeInIndex = 0; path = Authenticator.app; sourceTree = BUILT_PRODUCTS_DIR; };
		351E92432C05C4CD0017C816 /* AuthenticatorApp.swift */ = {isa = PBXFileReference; lastKnownFileType = sourcecode.swift; path = AuthenticatorApp.swift; sourceTree = "<group>"; };
		351E92452C05C4CD0017C816 /* ContentView.swift */ = {isa = PBXFileReference; lastKnownFileType = sourcecode.swift; path = ContentView.swift; sourceTree = "<group>"; };
		351E92472C05C4CF0017C816 /* Assets.xcassets */ = {isa = PBXFileReference; lastKnownFileType = folder.assetcatalog; path = Assets.xcassets; sourceTree = "<group>"; };
		351E924A2C05C4CF0017C816 /* Preview Assets.xcassets */ = {isa = PBXFileReference; lastKnownFileType = folder.assetcatalog; path = "Preview Assets.xcassets"; sourceTree = "<group>"; };
		351E92502C05C4D00017C816 /* AuthenticatorTests.xctest */ = {isa = PBXFileReference; explicitFileType = wrapper.cfbundle; includeInIndex = 0; path = AuthenticatorTests.xctest; sourceTree = BUILT_PRODUCTS_DIR; };
		351E92542C05C4D00017C816 /* AuthenticatorTests.swift */ = {isa = PBXFileReference; lastKnownFileType = sourcecode.swift; path = AuthenticatorTests.swift; sourceTree = "<group>"; };
		351E925A2C05C4D00017C816 /* AuthenticatorUITests.xctest */ = {isa = PBXFileReference; explicitFileType = wrapper.cfbundle; includeInIndex = 0; path = AuthenticatorUITests.xctest; sourceTree = BUILT_PRODUCTS_DIR; };
		351E925E2C05C4D00017C816 /* AuthenticatorUITests.swift */ = {isa = PBXFileReference; lastKnownFileType = sourcecode.swift; path = AuthenticatorUITests.swift; sourceTree = "<group>"; };
		351E92602C05C4D00017C816 /* AuthenticatorUITestsLaunchTests.swift */ = {isa = PBXFileReference; lastKnownFileType = sourcecode.swift; path = AuthenticatorUITestsLaunchTests.swift; sourceTree = "<group>"; };
/* End PBXFileReference section */

/* Begin PBXFrameworksBuildPhase section */
		351E923D2C05C4CD0017C816 /* Frameworks */ = {
			isa = PBXFrameworksBuildPhase;
			buildActionMask = 2147483647;
			files = (
			);
			runOnlyForDeploymentPostprocessing = 0;
		};
		351E924D2C05C4D00017C816 /* Frameworks */ = {
			isa = PBXFrameworksBuildPhase;
			buildActionMask = 2147483647;
			files = (
			);
			runOnlyForDeploymentPostprocessing = 0;
		};
		351E92572C05C4D00017C816 /* Frameworks */ = {
			isa = PBXFrameworksBuildPhase;
			buildActionMask = 2147483647;
			files = (
			);
			runOnlyForDeploymentPostprocessing = 0;
		};
/* End PBXFrameworksBuildPhase section */

/* Begin PBXGroup section */
		351E92372C05C4CD0017C816 = {
			isa = PBXGroup;
			children = (
				351E92422C05C4CD0017C816 /* Authenticator */,
				351E92532C05C4D00017C816 /* AuthenticatorTests */,
				351E925D2C05C4D00017C816 /* AuthenticatorUITests */,
				351E92412C05C4CD0017C816 /* Products */,
			);
			sourceTree = "<group>";
		};
		351E92412C05C4CD0017C816 /* Products */ = {
			isa = PBXGroup;
			children = (
				351E92402C05C4CD0017C816 /* Authenticator.app */,
				351E92502C05C4D00017C816 /* AuthenticatorTests.xctest */,
				351E925A2C05C4D00017C816 /* AuthenticatorUITests.xctest */,
			);
			name = Products;
			sourceTree = "<group>";
		};
		351E92422C05C4CD0017C816 /* Authenticator */ = {
			isa = PBXGroup;
			children = (
				351E92432C05C4CD0017C816 /* AuthenticatorApp.swift */,
				351E92452C05C4CD0017C816 /* ContentView.swift */,
				351E92472C05C4CF0017C816 /* Assets.xcassets */,
				351E92492C05C4CF0017C816 /* Preview Content */,
			);
			path = Authenticator;
			sourceTree = "<group>";
		};
		351E92492C05C4CF0017C816 /* Preview Content */ = {
			isa = PBXGroup;
			children = (
				351E924A2C05C4CF0017C816 /* Preview Assets.xcassets */,
			);
			path = "Preview Content";
			sourceTree = "<group>";
		};
		351E92532C05C4D00017C816 /* AuthenticatorTests */ = {
			isa = PBXGroup;
			children = (
				351E92542C05C4D00017C816 /* AuthenticatorTests.swift */,
			);
			path = AuthenticatorTests;
			sourceTree = "<group>";
		};
		351E925D2C05C4D00017C816 /* AuthenticatorUITests */ = {
			isa = PBXGroup;
			children = (
				351E925E2C05C4D00017C816 /* AuthenticatorUITests.swift */,
				351E92602C05C4D00017C816 /* AuthenticatorUITestsLaunchTests.swift */,
			);
			path = AuthenticatorUITests;
			sourceTree = "<group>";
		};
/* End PBXGroup section */

/* Begin PBXNativeTarget section */
		351E923F2C05C4CD0017C816 /* Authenticator */ = {
			isa = PBXNativeTarget;
			buildConfigurationList = 351E92642C05C4D00017C816 /* Build configuration list for PBXNativeTarget "Authenticator" */;
			buildPhases = (
				351E923C2C05C4CD0017C816 /* Sources */,
				351E923D2C05C4CD0017C816 /* Frameworks */,
				351E923E2C05C4CD0017C816 /* Resources */,
			);
			buildRules = (
			);
			dependencies = (
			);
			name = Authenticator;
			productName = Authenticator;
			productReference = 351E92402C05C4CD0017C816 /* Authenticator.app */;
			productType = "com.apple.product-type.application";
		};
		351E924F2C05C4D00017C816 /* AuthenticatorTests */ = {
			isa = PBXNativeTarget;
			buildConfigurationList = 351E92672C05C4D00017C816 /* Build configuration list for PBXNativeTarget "AuthenticatorTests" */;
			buildPhases = (
				351E924C2C05C4D00017C816 /* Sources */,
				351E924D2C05C4D00017C816 /* Frameworks */,
				351E924E2C05C4D00017C816 /* Resources */,
			);
			buildRules = (
			);
			dependencies = (
				351E92522C05C4D00017C816 /* PBXTargetDependency */,
			);
			name = AuthenticatorTests;
			productName = AuthenticatorTests;
			productReference = 351E92502C05C4D00017C816 /* AuthenticatorTests.xctest */;
			productType = "com.apple.product-type.bundle.unit-test";
		};
		351E92592C05C4D00017C816 /* AuthenticatorUITests */ = {
			isa = PBXNativeTarget;
			buildConfigurationList = 351E926A2C05C4D00017C816 /* Build configuration list for PBXNativeTarget "AuthenticatorUITests" */;
			buildPhases = (
				351E92562C05C4D00017C816 /* Sources */,
				351E92572C05C4D00017C816 /* Frameworks */,
				351E92582C05C4D00017C816 /* Resources */,
			);
			buildRules = (
			);
			dependencies = (
				351E925C2C05C4D00017C816 /* PBXTargetDependency */,
			);
			name = AuthenticatorUITests;
			productName = AuthenticatorUITests;
			productReference = 351E925A2C05C4D00017C816 /* AuthenticatorUITests.xctest */;
			productType = "com.apple.product-type.bundle.ui-testing";
		};
/* End PBXNativeTarget section */

/* Begin PBXProject section */
		351E92382C05C4CD0017C816 /* Project object */ = {
			isa = PBXProject;
			attributes = {
				BuildIndependentTargetsInParallel = 1;
				LastSwiftUpdateCheck = 1540;
				LastUpgradeCheck = 1540;
				TargetAttributes = {
					351E923F2C05C4CD0017C816 = {
						CreatedOnToolsVersion = 15.4;
					};
					351E924F2C05C4D00017C816 = {
						CreatedOnToolsVersion = 15.4;
						TestTargetID = 351E923F2C05C4CD0017C816;
					};
					351E92592C05C4D00017C816 = {
						CreatedOnToolsVersion = 15.4;
						TestTargetID = 351E923F2C05C4CD0017C816;
					};
				};
			};
			buildConfigurationList = 351E923B2C05C4CD0017C816 /* Build configuration list for PBXProject "Authenticator" */;
			compatibilityVersion = "Xcode 14.0";
			developmentRegion = en;
			hasScannedForEncodings = 0;
			knownRegions = (
				en,
				Base,
			);
			mainGroup = 351E92372C05C4CD0017C816;
			productRefGroup = 351E92412C05C4CD0017C816 /* Products */;
			projectDirPath = "";
			projectRoot = "";
			targets = (
				351E923F2C05C4CD0017C816 /* Authenticator */,
				351E924F2C05C4D00017C816 /* AuthenticatorTests */,
				351E92592C05C4D00017C816 /* AuthenticatorUITests */,
			);
		};
/* End PBXProject section */

/* Begin PBXResourcesBuildPhase section */
		351E923E2C05C4CD0017C816 /* Resources */ = {
			isa = PBXResourcesBuildPhase;
			buildActionMask = 2147483647;
			files = (
				351E924B2C05C4CF0017C816 /* Preview Assets.xcassets in Resources */,
				351E92482C05C4CF0017C816 /* Assets.xcassets in Resources */,
			);
			runOnlyForDeploymentPostprocessing = 0;
		};
		351E924E2C05C4D00017C816 /* Resources */ = {
			isa = PBXResourcesBuildPhase;
			buildActionMask = 2147483647;
			files = (
			);
			runOnlyForDeploymentPostprocessing = 0;
		};
		351E92582C05C4D00017C816 /* Resources */ = {
			isa = PBXResourcesBuildPhase;
			buildActionMask = 2147483647;
			files = (
			);
			runOnlyForDeploymentPostprocessing = 0;
		};
/* End PBXResourcesBuildPhase section */

/* Begin PBXSourcesBuildPhase section */
		351E923C2C05C4CD0017C816 /* Sources */ = {
			isa = PBXSourcesBuildPhase;
			buildActionMask = 2147483647;
			files = (
				351E92462C05C4CD0017C816 /* ContentView.swift in Sources */,
				351E92442C05C4CD0017C816 /* AuthenticatorApp.swift in Sources */,
			);
			runOnlyForDeploymentPostprocessing = 0;
		};
		351E924C2C05C4D00017C816 /* Sources */ = {
			isa = PBXSourcesBuildPhase;
			buildActionMask = 2147483647;
			files = (
				351E92552C05C4D00017C816 /* AuthenticatorTests.swift in Sources */,
			);
			runOnlyForDeploymentPostprocessing = 0;
		};
		351E92562C05C4D00017C816 /* Sources */ = {
			isa = PBXSourcesBuildPhase;
			buildActionMask = 2147483647;
			files = (
				351E92612C05C4D00017C816 /* AuthenticatorUITestsLaunchTests.swift in Sources */,
				351E925F2C05C4D00017C816 /* AuthenticatorUITests.swift in Sources */,
			);
			runOnlyForDeploymentPostprocessing = 0;
		};
/* End PBXSourcesBuildPhase section */

/* Begin PBXTargetDependency section */
		351E92522C05C4D00017C816 /* PBXTargetDependency */ = {
			isa = PBXTargetDependency;
			target = 351E923F2C05C4CD0017C816 /* Authenticator */;
			targetProxy = 351E92512C05C4D00017C816 /* PBXContainerItemProxy */;
		};
		351E925C2C05C4D00017C816 /* PBXTargetDependency */ = {
			isa = PBXTargetDependency;
			target = 351E923F2C05C4CD0017C816 /* Authenticator */;
			targetProxy = 351E925B2C05C4D00017C816 /* PBXContainerItemProxy */;
		};
/* End PBXTargetDependency section */

/* Begin XCBuildConfiguration section */
		351E92622C05C4D00017C816 /* Debug */ = {
			isa = XCBuildConfiguration;
			buildSettings = {
				ALWAYS_SEARCH_USER_PATHS = NO;
				ASSETCATALOG_COMPILER_GENERATE_SWIFT_ASSET_SYMBOL_EXTENSIONS = YES;
				CLANG_ANALYZER_NONNULL = YES;
				CLANG_ANALYZER_NUMBER_OBJECT_CONVERSION = YES_AGGRESSIVE;
				CLANG_CXX_LANGUAGE_STANDARD = "gnu++20";
				CLANG_ENABLE_MODULES = YES;
				CLANG_ENABLE_OBJC_ARC = YES;
				CLANG_ENABLE_OBJC_WEAK = YES;
				CLANG_WARN_BLOCK_CAPTURE_AUTORELEASING = YES;
				CLANG_WARN_BOOL_CONVERSION = YES;
				CLANG_WARN_COMMA = YES;
				CLANG_WARN_CONSTANT_CONVERSION = YES;
				CLANG_WARN_DEPRECATED_OBJC_IMPLEMENTATIONS = YES;
				CLANG_WARN_DIRECT_OBJC_ISA_USAGE = YES_ERROR;
				CLANG_WARN_DOCUMENTATION_COMMENTS = YES;
				CLANG_WARN_EMPTY_BODY = YES;
				CLANG_WARN_ENUM_CONVERSION = YES;
				CLANG_WARN_INFINITE_RECURSION = YES;
				CLANG_WARN_INT_CONVERSION = YES;
				CLANG_WARN_NON_LITERAL_NULL_CONVERSION = YES;
				CLANG_WARN_OBJC_IMPLICIT_RETAIN_SELF = YES;
				CLANG_WARN_OBJC_LITERAL_CONVERSION = YES;
				CLANG_WARN_OBJC_ROOT_CLASS = YES_ERROR;
				CLANG_WARN_QUOTED_INCLUDE_IN_FRAMEWORK_HEADER = YES;
				CLANG_WARN_RANGE_LOOP_ANALYSIS = YES;
				CLANG_WARN_STRICT_PROTOTYPES = YES;
				CLANG_WARN_SUSPICIOUS_MOVE = YES;
				CLANG_WARN_UNGUARDED_AVAILABILITY = YES_AGGRESSIVE;
				CLANG_WARN_UNREACHABLE_CODE = YES;
				CLANG_WARN__DUPLICATE_METHOD_MATCH = YES;
				COPY_PHASE_STRIP = NO;
				DEBUG_INFORMATION_FORMAT = dwarf;
				ENABLE_STRICT_OBJC_MSGSEND = YES;
				ENABLE_TESTABILITY = YES;
				ENABLE_USER_SCRIPT_SANDBOXING = YES;
				GCC_C_LANGUAGE_STANDARD = gnu17;
				GCC_DYNAMIC_NO_PIC = NO;
				GCC_NO_COMMON_BLOCKS = YES;
				GCC_OPTIMIZATION_LEVEL = 0;
				GCC_PREPROCESSOR_DEFINITIONS = (
					"DEBUG=1",
					"$(inherited)",
				);
				GCC_WARN_64_TO_32_BIT_CONVERSION = YES;
				GCC_WARN_ABOUT_RETURN_TYPE = YES_ERROR;
				GCC_WARN_UNDECLARED_SELECTOR = YES;
				GCC_WARN_UNINITIALIZED_AUTOS = YES_AGGRESSIVE;
				GCC_WARN_UNUSED_FUNCTION = YES;
				GCC_WARN_UNUSED_VARIABLE = YES;
				IPHONEOS_DEPLOYMENT_TARGET = 17.5;
				LOCALIZATION_PREFERS_STRING_CATALOGS = YES;
				MTL_ENABLE_DEBUG_INFO = INCLUDE_SOURCE;
				MTL_FAST_MATH = YES;
				ONLY_ACTIVE_ARCH = YES;
				SDKROOT = iphoneos;
				SWIFT_ACTIVE_COMPILATION_CONDITIONS = "DEBUG $(inherited)";
				SWIFT_OPTIMIZATION_LEVEL = "-Onone";
			};
			name = Debug;
		};
		351E92632C05C4D00017C816 /* Release */ = {
			isa = XCBuildConfiguration;
			buildSettings = {
				ALWAYS_SEARCH_USER_PATHS = NO;
				ASSETCATALOG_COMPILER_GENERATE_SWIFT_ASSET_SYMBOL_EXTENSIONS = YES;
				CLANG_ANALYZER_NONNULL = YES;
				CLANG_ANALYZER_NUMBER_OBJECT_CONVERSION = YES_AGGRESSIVE;
				CLANG_CXX_LANGUAGE_STANDARD = "gnu++20";
				CLANG_ENABLE_MODULES = YES;
				CLANG_ENABLE_OBJC_ARC = YES;
				CLANG_ENABLE_OBJC_WEAK = YES;
				CLANG_WARN_BLOCK_CAPTURE_AUTORELEASING = YES;
				CLANG_WARN_BOOL_CONVERSION = YES;
				CLANG_WARN_COMMA = YES;
				CLANG_WARN_CONSTANT_CONVERSION = YES;
				CLANG_WARN_DEPRECATED_OBJC_IMPLEMENTATIONS = YES;
				CLANG_WARN_DIRECT_OBJC_ISA_USAGE = YES_ERROR;
				CLANG_WARN_DOCUMENTATION_COMMENTS = YES;
				CLANG_WARN_EMPTY_BODY = YES;
				CLANG_WARN_ENUM_CONVERSION = YES;
				CLANG_WARN_INFINITE_RECURSION = YES;
				CLANG_WARN_INT_CONVERSION = YES;
				CLANG_WARN_NON_LITERAL_NULL_CONVERSION = YES;
				CLANG_WARN_OBJC_IMPLICIT_RETAIN_SELF = YES;
				CLANG_WARN_OBJC_LITERAL_CONVERSION = YES;
				CLANG_WARN_OBJC_ROOT_CLASS = YES_ERROR;
				CLANG_WARN_QUOTED_INCLUDE_IN_FRAMEWORK_HEADER = YES;
				CLANG_WARN_RANGE_LOOP_ANALYSIS = YES;
				CLANG_WARN_STRICT_PROTOTYPES = YES;
				CLANG_WARN_SUSPICIOUS_MOVE = YES;
				CLANG_WARN_UNGUARDED_AVAILABILITY = YES_AGGRESSIVE;
				CLANG_WARN_UNREACHABLE_CODE = YES;
				CLANG_WARN__DUPLICATE_METHOD_MATCH = YES;
				COPY_PHASE_STRIP = NO;
				DEBUG_INFORMATION_FORMAT = "dwarf-with-dsym";
				ENABLE_NS_ASSERTIONS = NO;
				ENABLE_STRICT_OBJC_MSGSEND = YES;
				ENABLE_USER_SCRIPT_SANDBOXING = YES;
				GCC_C_LANGUAGE_STANDARD = gnu17;
				GCC_NO_COMMON_BLOCKS = YES;
				GCC_WARN_64_TO_32_BIT_CONVERSION = YES;
				GCC_WARN_ABOUT_RETURN_TYPE = YES_ERROR;
				GCC_WARN_UNDECLARED_SELECTOR = YES;
				GCC_WARN_UNINITIALIZED_AUTOS = YES_AGGRESSIVE;
				GCC_WARN_UNUSED_FUNCTION = YES;
				GCC_WARN_UNUSED_VARIABLE = YES;
				IPHONEOS_DEPLOYMENT_TARGET = 17.5;
				LOCALIZATION_PREFERS_STRING_CATALOGS = YES;
				MTL_ENABLE_DEBUG_INFO = NO;
				MTL_FAST_MATH = YES;
				SDKROOT = iphoneos;
				SWIFT_COMPILATION_MODE = wholemodule;
				VALIDATE_PRODUCT = YES;
			};
			name = Release;
		};
		351E92652C05C4D00017C816 /* Debug */ = {
			isa = XCBuildConfiguration;
			buildSettings = {
				ASSETCATALOG_COMPILER_APPICON_NAME = AppIcon;
				ASSETCATALOG_COMPILER_GLOBAL_ACCENT_COLOR_NAME = AccentColor;
				CODE_SIGN_STYLE = Automatic;
				CURRENT_PROJECT_VERSION = 1;
				DEVELOPMENT_ASSET_PATHS = "\"Authenticator/Preview Content\"";
				ENABLE_PREVIEWS = YES;
				GENERATE_INFOPLIST_FILE = YES;
				INFOPLIST_KEY_UIApplicationSceneManifest_Generation = YES;
				INFOPLIST_KEY_UIApplicationSupportsIndirectInputEvents = YES;
				INFOPLIST_KEY_UILaunchScreen_Generation = YES;
				INFOPLIST_KEY_UISupportedInterfaceOrientations_iPad = "UIInterfaceOrientationPortrait UIInterfaceOrientationPortraitUpsideDown UIInterfaceOrientationLandscapeLeft UIInterfaceOrientationLandscapeRight";
				INFOPLIST_KEY_UISupportedInterfaceOrientations_iPhone = "UIInterfaceOrientationPortrait UIInterfaceOrientationLandscapeLeft UIInterfaceOrientationLandscapeRight";
				LD_RUNPATH_SEARCH_PATHS = (
					"$(inherited)",
					"@executable_path/Frameworks",
				);
				MARKETING_VERSION = 1.0;
				PRODUCT_BUNDLE_IDENTIFIER = iarche.Authenticator;
				PRODUCT_NAME = "$(TARGET_NAME)";
				SWIFT_EMIT_LOC_STRINGS = YES;
				SWIFT_VERSION = 5.0;
				TARGETED_DEVICE_FAMILY = "1,2";
			};
			name = Debug;
		};
		351E92662C05C4D00017C816 /* Release */ = {
			isa = XCBuildConfiguration;
			buildSettings = {
				ASSETCATALOG_COMPILER_APPICON_NAME = AppIcon;
				ASSETCATALOG_COMPILER_GLOBAL_ACCENT_COLOR_NAME = AccentColor;
				CODE_SIGN_STYLE = Automatic;
				CURRENT_PROJECT_VERSION = 1;
				DEVELOPMENT_ASSET_PATHS = "\"Authenticator/Preview Content\"";
				ENABLE_PREVIEWS = YES;
				GENERATE_INFOPLIST_FILE = YES;
				INFOPLIST_KEY_UIApplicationSceneManifest_Generation = YES;
				INFOPLIST_KEY_UIApplicationSupportsIndirectInputEvents = YES;
				INFOPLIST_KEY_UILaunchScreen_Generation = YES;
				INFOPLIST_KEY_UISupportedInterfaceOrientations_iPad = "UIInterfaceOrientationPortrait UIInterfaceOrientationPortraitUpsideDown UIInterfaceOrientationLandscapeLeft UIInterfaceOrientationLandscapeRight";
				INFOPLIST_KEY_UISupportedInterfaceOrientations_iPhone = "UIInterfaceOrientationPortrait UIInterfaceOrientationLandscapeLeft UIInterfaceOrientationLandscapeRight";
				LD_RUNPATH_SEARCH_PATHS = (
					"$(inherited)",
					"@executable_path/Frameworks",
				);
				MARKETING_VERSION = 1.0;
				PRODUCT_BUNDLE_IDENTIFIER = iarche.Authenticator;
				PRODUCT_NAME = "$(TARGET_NAME)";
				SWIFT_EMIT_LOC_STRINGS = YES;
				SWIFT_VERSION = 5.0;
				TARGETED_DEVICE_FAMILY = "1,2";
			};
			name = Release;
		};
		351E92682C05C4D00017C816 /* Debug */ = {
			isa = XCBuildConfiguration;
			buildSettings = {
				ALWAYS_EMBED_SWIFT_STANDARD_LIBRARIES = YES;
				BUNDLE_LOADER = "$(TEST_HOST)";
				CODE_SIGN_STYLE = Automatic;
				CURRENT_PROJECT_VERSION = 1;
				GENERATE_INFOPLIST_FILE = YES;
				IPHONEOS_DEPLOYMENT_TARGET = 17.5;
				MARKETING_VERSION = 1.0;
				PRODUCT_BUNDLE_IDENTIFIER = iarche.AuthenticatorTests;
				PRODUCT_NAME = "$(TARGET_NAME)";
				SWIFT_EMIT_LOC_STRINGS = NO;
				SWIFT_VERSION = 5.0;
				TARGETED_DEVICE_FAMILY = "1,2";
				TEST_HOST = "$(BUILT_PRODUCTS_DIR)/Authenticator.app/$(BUNDLE_EXECUTABLE_FOLDER_PATH)/Authenticator";
			};
			name = Debug;
		};
		351E92692C05C4D00017C816 /* Release */ = {
			isa = XCBuildConfiguration;
			buildSettings = {
				ALWAYS_EMBED_SWIFT_STANDARD_LIBRARIES = YES;
				BUNDLE_LOADER = "$(TEST_HOST)";
				CODE_SIGN_STYLE = Automatic;
				CURRENT_PROJECT_VERSION = 1;
				GENERATE_INFOPLIST_FILE = YES;
				IPHONEOS_DEPLOYMENT_TARGET = 17.5;
				MARKETING_VERSION = 1.0;
				PRODUCT_BUNDLE_IDENTIFIER = iarche.AuthenticatorTests;
				PRODUCT_NAME = "$(TARGET_NAME)";
				SWIFT_EMIT_LOC_STRINGS = NO;
				SWIFT_VERSION = 5.0;
				TARGETED_DEVICE_FAMILY = "1,2";
				TEST_HOST = "$(BUILT_PRODUCTS_DIR)/Authenticator.app/$(BUNDLE_EXECUTABLE_FOLDER_PATH)/Authenticator";
			};
			name = Release;
		};
		351E926B2C05C4D00017C816 /* Debug */ = {
			isa = XCBuildConfiguration;
			buildSettings = {
				ALWAYS_EMBED_SWIFT_STANDARD_LIBRARIES = YES;
				CODE_SIGN_STYLE = Automatic;
				CURRENT_PROJECT_VERSION = 1;
				GENERATE_INFOPLIST_FILE = YES;
				MARKETING_VERSION = 1.0;
				PRODUCT_BUNDLE_IDENTIFIER = iarche.AuthenticatorUITests;
				PRODUCT_NAME = "$(TARGET_NAME)";
				SWIFT_EMIT_LOC_STRINGS = NO;
				SWIFT_VERSION = 5.0;
				TARGETED_DEVICE_FAMILY = "1,2";
				TEST_TARGET_NAME = Authenticator;
			};
			name = Debug;
		};
		351E926C2C05C4D00017C816 /* Release */ = {
			isa = XCBuildConfiguration;
			buildSettings = {
				ALWAYS_EMBED_SWIFT_STANDARD_LIBRARIES = YES;
				CODE_SIGN_STYLE = Automatic;
				CURRENT_PROJECT_VERSION = 1;
				GENERATE_INFOPLIST_FILE = YES;
				MARKETING_VERSION = 1.0;
				PRODUCT_BUNDLE_IDENTIFIER = iarche.AuthenticatorUITests;
				PRODUCT_NAME = "$(TARGET_NAME)";
				SWIFT_EMIT_LOC_STRINGS = NO;
				SWIFT_VERSION = 5.0;
				TARGETED_DEVICE_FAMILY = "1,2";
				TEST_TARGET_NAME = Authenticator;
			};
			name = Release;
		};
/* End XCBuildConfiguration section */

/* Begin XCConfigurationList section */
		351E923B2C05C4CD0017C816 /* Build configuration list for PBXProject "Authenticator" */ = {
			isa = XCConfigurationList;
			buildConfigurations = (
				351E92622C05C4D00017C816 /* Debug */,
				351E92632C05C4D00017C816 /* Release */,
			);
			defaultConfigurationIsVisible = 0;
			defaultConfigurationName = Release;
		};
		351E92642C05C4D00017C816 /* Build configuration list for PBXNativeTarget "Authenticator" */ = {
			isa = XCConfigurationList;
			buildConfigurations = (
				351E92652C05C4D00017C816 /* Debug */,
				351E92662C05C4D00017C816 /* Release */,
			);
			defaultConfigurationIsVisible = 0;
			defaultConfigurationName = Release;
		};
		351E92672C05C4D00017C816 /* Build configuration list for PBXNativeTarget "AuthenticatorTests" */ = {
			isa = XCConfigurationList;
			buildConfigurations = (
				351E92682C05C4D00017C816 /* Debug */,
				351E92692C05C4D00017C816 /* Release */,
			);
			defaultConfigurationIsVisible = 0;
			defaultConfigurationName = Release;
		};
		351E926A2C05C4D00017C816 /* Build configuration list for PBXNativeTarget "AuthenticatorUITests" */ = {
			isa = XCConfigurationList;
			buildConfigurations = (
				351E926B2C05C4D00017C816 /* Debug */,
				351E926C2C05C4D00017C816 /* Release */,
			);
			defaultConfigurationIsVisible = 0;
			defaultConfigurationName = Release;
		};
/* End XCConfigurationList section */
	};
	rootObject = 351E92382C05C4CD0017C816 /* Project object */;
}
